github.com/ajstarks/svgo v0.0.0-20200725142600-7a3c8b57fecb h1:EVl3FJLQCzSbgBezKo/1A4ADnJ4mtJZ0RvnNzDJ44nY=
github.com/ajstarks/svgo v0.0.0-20200725142600-7a3c8b57fecb/go.mod h1:K08gAheRH3/J6wwsYMMT4xOr94bZjxIelGM0+d/wbFw=
github.com/google/go-cmp v0.3.1/go.mod h1:8QqcDgzrUqlUb/G2PQTWiueGozuR1884gddMywk6iLU=
github.com/lucasb-eyer/go-colorful v1.0.3 h1:QIbQXiugsb+q10B+MI+7DI1oQLdmnep86tWFlaaUAac=
github.com/lucasb-eyer/go-colorful v1.0.3/go.mod h1:R4dSotOR9KMtayYi1e77YzuveK+i7ruzyGqttikkLy0=
github.com/lucasb-eyer/go-colorful v1.2.0 h1:1nnpGOrhyZZuNyfu1QjKiUICQ74+3FNCN69Aj6K7nkY=
github.com/lucasb-eyer/go-colorful v1.2.0/go.mod h1:R4dSotOR9KMtayYi1e77YzuveK+i7ruzyGqttikkLy0=
github.com/syumai/syumaigen v0.5.0 h1:AqG8MWghgEUbTOZNmoDdl+UUQiNaPhcqOBXzYO5+DTQ=
github.com/syumai/syumaigen v0.5.0/go.mod h1:r0j5b9KbTych8Gf3FnTRVr/GK/nPQb10AXgUjQaFB/A=
github.com/syumai/workers v0.30.0 h1:7Wq/VKyXc0uIDK35ElMeT/DpPKJNcRNs3bxz1lfaHtc=
github.com/syumai/workers v0.30.0/go.mod h1:ZnqmdiHNBrbxOLrZ/HJ5jzHy6af9cmiNZk10R9NrIEA=
